
Microsoft Visual Studio Solution File, Format Version 12.00
# Visual Studio 15
VisualStudioVersion = 15.0.26124.0
MinimumVisualStudioVersion = 15.0.26124.0
Project("{FAE04EC0-301F-11D3-BF4B-00C04F79EFBC}") = "blip.webhookreceiver.core", "blip.webhookreceiver.core\blip.webhookreceiver.core.csproj", "{D749049E-D00E-4A51-A6F1-50A5384C5E02}"
EndProject
Project("{FAE04EC0-301F-11D3-BF4B-00C04F79EFBC}") = "blip.webhookreceiver.webapi", "blip.webhookreceiver.webapi\blip.webhookreceiver.webapi.csproj", "{9ABB5E63-6E6B-4897-AA41-4F1138BE224A}"
EndProject
Project("{FAE04EC0-301F-11D3-BF4B-00C04F79EFBC}") = "blip.webhookreceiver.pubsub", "blip.webhookreceiver.pubsub\blip.webhookreceiver.pubsub.csproj", "{925F0918-280F-42E1-B624-3BFDE2C6527F}"
EndProject
Project("{FAE04EC0-301F-11D3-BF4B-00C04F79EFBC}") = "blip.webhookreceiver.daemon", "blip.webhookreceiver.daemon\blip.webhookreceiver.daemon.csproj", "{A22581E6-0723-43DA-9236-79FAE6E41396}"
EndProject
Project("{FAE04EC0-301F-11D3-BF4B-00C04F79EFBC}") = "blip.webhookreceiver.bigquery", "blip.webhookreceiver.bigquery\blip.webhookreceiver.bigquery.csproj", "{5B11C2EF-78DA-447F-813F-8B679026CECD}"
EndProject
Global
	GlobalSection(SolutionConfigurationPlatforms) = preSolution
		Debug|Any CPU = Debug|Any CPU
		Debug|x64 = Debug|x64
		Debug|x86 = Debug|x86
		Release|Any CPU = Release|Any CPU
		Release|x64 = Release|x64
		Release|x86 = Release|x86
	EndGlobalSection
	GlobalSection(SolutionProperties) = preSolution
		HideSolutionNode = FALSE
	EndGlobalSection
	GlobalSection(ProjectConfigurationPlatforms) = postSolution
		{D749049E-D00E-4A51-A6F1-50A5384C5E02}.Debug|Any CPU.ActiveCfg = Debug|Any CPU
		{D749049E-D00E-4A51-A6F1-50A5384C5E02}.Debug|Any CPU.Build.0 = Debug|Any CPU
		{D749049E-D00E-4A51-A6F1-50A5384C5E02}.Debug|x64.ActiveCfg = Debug|Any CPU
		{D749049E-D00E-4A51-A6F1-50A5384C5E02}.Debug|x64.Build.0 = Debug|Any CPU
		{D749049E-D00E-4A51-A6F1-50A5384C5E02}.Debug|x86.ActiveCfg = Debug|Any CPU
		{D749049E-D00E-4A51-A6F1-50A5384C5E02}.Debug|x86.Build.0 = Debug|Any CPU
		{D749049E-D00E-4A51-A6F1-50A5384C5E02}.Release|Any CPU.ActiveCfg = Release|Any CPU
		{D749049E-D00E-4A51-A6F1-50A5384C5E02}.Release|Any CPU.Build.0 = Release|Any CPU
		{D749049E-D00E-4A51-A6F1-50A5384C5E02}.Release|x64.ActiveCfg = Release|Any CPU
		{D749049E-D00E-4A51-A6F1-50A5384C5E02}.Release|x64.Build.0 = Release|Any CPU
		{D749049E-D00E-4A51-A6F1-50A5384C5E02}.Release|x86.ActiveCfg = Release|Any CPU
		{D749049E-D00E-4A51-A6F1-50A5384C5E02}.Release|x86.Build.0 = Release|Any CPU
		{9ABB5E63-6E6B-4897-AA41-4F1138BE224A}.Debug|Any CPU.ActiveCfg = Debug|Any CPU
		{9ABB5E63-6E6B-4897-AA41-4F1138BE224A}.Debug|Any CPU.Build.0 = Debug|Any CPU
		{9ABB5E63-6E6B-4897-AA41-4F1138BE224A}.Debug|x64.ActiveCfg = Debug|Any CPU
		{9ABB5E63-6E6B-4897-AA41-4F1138BE224A}.Debug|x64.Build.0 = Debug|Any CPU
		{9ABB5E63-6E6B-4897-AA41-4F1138BE224A}.Debug|x86.ActiveCfg = Debug|Any CPU
		{9ABB5E63-6E6B-4897-AA41-4F1138BE224A}.Debug|x86.Build.0 = Debug|Any CPU
		{9ABB5E63-6E6B-4897-AA41-4F1138BE224A}.Release|Any CPU.ActiveCfg = Release|Any CPU
		{9ABB5E63-6E6B-4897-AA41-4F1138BE224A}.Release|Any CPU.Build.0 = Release|Any CPU
		{9ABB5E63-6E6B-4897-AA41-4F1138BE224A}.Release|x64.ActiveCfg = Release|Any CPU
		{9ABB5E63-6E6B-4897-AA41-4F1138BE224A}.Release|x64.Build.0 = Release|Any CPU
		{9ABB5E63-6E6B-4897-AA41-4F1138BE224A}.Release|x86.ActiveCfg = Release|Any CPU
		{9ABB5E63-6E6B-4897-AA41-4F1138BE224A}.Release|x86.Build.0 = Release|Any CPU
		{925F0918-280F-42E1-B624-3BFDE2C6527F}.Debug|Any CPU.ActiveCfg = Debug|Any CPU
		{925F0918-280F-42E1-B624-3BFDE2C6527F}.Debug|Any CPU.Build.0 = Debug|Any CPU
		{925F0918-280F-42E1-B624-3BFDE2C6527F}.Debug|x64.ActiveCfg = Debug|Any CPU
		{925F0918-280F-42E1-B624-3BFDE2C6527F}.Debug|x64.Build.0 = Debug|Any CPU
		{925F0918-280F-42E1-B624-3BFDE2C6527F}.Debug|x86.ActiveCfg = Debug|Any CPU
		{925F0918-280F-42E1-B624-3BFDE2C6527F}.Debug|x86.Build.0 = Debug|Any CPU
		{925F0918-280F-42E1-B624-3BFDE2C6527F}.Release|Any CPU.ActiveCfg = Release|Any CPU
		{925F0918-280F-42E1-B624-3BFDE2C6527F}.Release|Any CPU.Build.0 = Release|Any CPU
		{925F0918-280F-42E1-B624-3BFDE2C6527F}.Release|x64.ActiveCfg = Release|Any CPU
		{925F0918-280F-42E1-B624-3BFDE2C6527F}.Release|x64.Build.0 = Release|Any CPU
		{925F0918-280F-42E1-B624-3BFDE2C6527F}.Release|x86.ActiveCfg = Release|Any CPU
		{925F0918-280F-42E1-B624-3BFDE2C6527F}.Release|x86.Build.0 = Release|Any CPU
		{A22581E6-0723-43DA-9236-79FAE6E41396}.Debug|Any CPU.ActiveCfg = Debug|Any CPU
		{A22581E6-0723-43DA-9236-79FAE6E41396}.Debug|Any CPU.Build.0 = Debug|Any CPU
		{A22581E6-0723-43DA-9236-79FAE6E41396}.Debug|x64.ActiveCfg = Debug|Any CPU
		{A22581E6-0723-43DA-9236-79FAE6E41396}.Debug|x64.Build.0 = Debug|Any CPU
		{A22581E6-0723-43DA-9236-79FAE6E41396}.Debug|x86.ActiveCfg = Debug|Any CPU
		{A22581E6-0723-43DA-9236-79FAE6E41396}.Debug|x86.Build.0 = Debug|Any CPU
		{A22581E6-0723-43DA-9236-79FAE6E41396}.Release|Any CPU.ActiveCfg = Release|Any CPU
		{A22581E6-0723-43DA-9236-79FAE6E41396}.Release|Any CPU.Build.0 = Release|Any CPU
		{A22581E6-0723-43DA-9236-79FAE6E41396}.Release|x64.ActiveCfg = Release|Any CPU
		{A22581E6-0723-43DA-9236-79FAE6E41396}.Release|x64.Build.0 = Release|Any CPU
		{A22581E6-0723-43DA-9236-79FAE6E41396}.Release|x86.ActiveCfg = Release|Any CPU
		{A22581E6-0723-43DA-9236-79FAE6E41396}.Release|x86.Build.0 = Release|Any CPU
		{5B11C2EF-78DA-447F-813F-8B679026CECD}.Debug|Any CPU.ActiveCfg = Debug|Any CPU
		{5B11C2EF-78DA-447F-813F-8B679026CECD}.Debug|Any CPU.Build.0 = Debug|Any CPU
		{5B11C2EF-78DA-447F-813F-8B679026CECD}.Debug|x64.ActiveCfg = Debug|Any CPU
		{5B11C2EF-78DA-447F-813F-8B679026CECD}.Debug|x64.Build.0 = Debug|Any CPU
		{5B11C2EF-78DA-447F-813F-8B679026CECD}.Debug|x86.ActiveCfg = Debug|Any CPU
		{5B11C2EF-78DA-447F-813F-8B679026CECD}.Debug|x86.Build.0 = Debug|Any CPU
		{5B11C2EF-78DA-447F-813F-8B679026CECD}.Release|Any CPU.ActiveCfg = Release|Any CPU
		{5B11C2EF-78DA-447F-813F-8B679026CECD}.Release|Any CPU.Build.0 = Release|Any CPU
		{5B11C2EF-78DA-447F-813F-8B679026CECD}.Release|x64.ActiveCfg = Release|Any CPU
		{5B11C2EF-78DA-447F-813F-8B679026CECD}.Release|x64.Build.0 = Release|Any CPU
		{5B11C2EF-78DA-447F-813F-8B679026CECD}.Release|x86.ActiveCfg = Release|Any CPU
		{5B11C2EF-78DA-447F-813F-8B679026CECD}.Release|x86.Build.0 = Release|Any CPU
	EndGlobalSection
EndGlobal
